
Microsoft Visual Studio Solution File, Format Version 12.00
# Visual Studio Version 16
VisualStudioVersion = 16.0.31702.278
MinimumVisualStudioVersion = 10.0.40219.1
Project("{FAE04EC0-301F-11D3-BF4B-00C04F79EFBC}") = "NewClinicWebsite", "NewClinicWebsite\NewClinicWebsite.csproj", "{40220173-03B9-425A-A82D-12EA45EECCCF}"
EndProject
Global
	GlobalSection(SolutionConfigurationPlatforms) = preSolution
		Debug|Any CPU = Debug|Any CPU
		Release|Any CPU = Release|Any CPU
	EndGlobalSection
	GlobalSection(ProjectConfigurationPlatforms) = postSolution
		{40220173-03B9-425A-A82D-12EA45EECCCF}.Debug|Any CPU.ActiveCfg = Debug|Any CPU
		{40220173-03B9-425A-A82D-12EA45EECCCF}.Debug|Any CPU.Build.0 = Debug|Any CPU
		{40220173-03B9-425A-A82D-12EA45EECCCF}.Release|Any CPU.ActiveCfg = Release|Any CPU
		{40220173-03B9-425A-A82D-12EA45EECCCF}.Release|Any CPU.Build.0 = Release|Any CPU
	EndGlobalSection
	GlobalSection(SolutionProperties) = preSolution
		HideSolutionNode = FALSE
	EndGlobalSection
	GlobalSection(ExtensibilityGlobals) = postSolution
		SolutionGuid = {BA2A7DAB-0115-4D40-83E9-1B81615CCA06}
	EndGlobalSection
EndGlobal
